
Microsoft Visual Studio Solution File, Format Version 12.00
# Visual Studio 14
VisualStudioVersion = 14.0.25420.1
MinimumVisualStudioVersion = 10.0.40219.1
Project("{2150E333-8FDC-42A3-9474-1A3956D46DE8}") = "Docs", "Docs", "{B41E41D2-03FE-41DB-A18F-5FFAF1F40F05}"
	ProjectSection(SolutionItems) = preProject
		Docs\XamarinAndroid.docx = Docs\XamarinAndroid.docx
	EndProjectSection
EndProject
Project("{2150E333-8FDC-42A3-9474-1A3956D46DE8}") = "01.HelloWorld", "01.HelloWorld", "{F75B1588-7058-4C5D-8CDA-C856BF0BBE59}"
EndProject
Project("{FAE04EC0-301F-11D3-BF4B-00C04F79EFBC}") = "HelloWorld", "01.HelloWorld\HelloWorld\HelloWorld.csproj", "{6BE287C2-509E-4649-9287-4C8F294DA219}"
EndProject
Project("{2150E333-8FDC-42A3-9474-1A3956D46DE8}") = "02.Navigation", "02.Navigation", "{B01F44C7-2687-429C-9AFE-04EF1787CAF2}"
EndProject
Project("{FAE04EC0-301F-11D3-BF4B-00C04F79EFBC}") = "NavigationApp", "02.Navigation\NavigationApp\NavigationApp.csproj", "{D43BE0C8-211B-4E7C-929C-3F560109B95A}"
EndProject
Global
	GlobalSection(SolutionConfigurationPlatforms) = preSolution
		Debug|Any CPU = Debug|Any CPU
		Release|Any CPU = Release|Any CPU
	EndGlobalSection
	GlobalSection(ProjectConfigurationPlatforms) = postSolution
		{6BE287C2-509E-4649-9287-4C8F294DA219}.Debug|Any CPU.ActiveCfg = Debug|Any CPU
		{6BE287C2-509E-4649-9287-4C8F294DA219}.Debug|Any CPU.Build.0 = Debug|Any CPU
		{6BE287C2-509E-4649-9287-4C8F294DA219}.Debug|Any CPU.Deploy.0 = Debug|Any CPU
		{6BE287C2-509E-4649-9287-4C8F294DA219}.Release|Any CPU.ActiveCfg = Release|Any CPU
		{6BE287C2-509E-4649-9287-4C8F294DA219}.Release|Any CPU.Build.0 = Release|Any CPU
		{6BE287C2-509E-4649-9287-4C8F294DA219}.Release|Any CPU.Deploy.0 = Release|Any CPU
		{D43BE0C8-211B-4E7C-929C-3F560109B95A}.Debug|Any CPU.ActiveCfg = Debug|Any CPU
		{D43BE0C8-211B-4E7C-929C-3F560109B95A}.Debug|Any CPU.Build.0 = Debug|Any CPU
		{D43BE0C8-211B-4E7C-929C-3F560109B95A}.Debug|Any CPU.Deploy.0 = Debug|Any CPU
		{D43BE0C8-211B-4E7C-929C-3F560109B95A}.Release|Any CPU.ActiveCfg = Release|Any CPU
		{D43BE0C8-211B-4E7C-929C-3F560109B95A}.Release|Any CPU.Build.0 = Release|Any CPU
		{D43BE0C8-211B-4E7C-929C-3F560109B95A}.Release|Any CPU.Deploy.0 = Release|Any CPU
	EndGlobalSection
	GlobalSection(SolutionProperties) = preSolution
		HideSolutionNode = FALSE
	EndGlobalSection
	GlobalSection(NestedProjects) = preSolution
		{6BE287C2-509E-4649-9287-4C8F294DA219} = {F75B1588-7058-4C5D-8CDA-C856BF0BBE59}
		{D43BE0C8-211B-4E7C-929C-3F560109B95A} = {B01F44C7-2687-429C-9AFE-04EF1787CAF2}
	EndGlobalSection
EndGlobal
